
Microsoft Visual Studio Solution File, Format Version 12.00
# Visual Studio 14
VisualStudioVersion = 14.0.25420.1
MinimumVisualStudioVersion = 10.0.40219.1
Project("{FAE04EC0-301F-11D3-BF4B-00C04F79EFBC}") = "SmartPark", "SmartPark\SmartPark.csproj", "{7BDA550D-4B22-456C-8A63-546ED501B875}"
EndProject
Project("{6141683F-8A12-4E36-9623-2EB02B2C2303}") = "Setup", "Setup\Setup.isproj", "{7D59A59B-2B58-46D4-B55A-F3C841DE0D73}"
EndProject
Global
	GlobalSection(SolutionConfigurationPlatforms) = preSolution
		CD_ROM|Any CPU = CD_ROM|Any CPU
		Debug|Any CPU = Debug|Any CPU
		DVD-5|Any CPU = DVD-5|Any CPU
		Release|Any CPU = Release|Any CPU
		SingleImage|Any CPU = SingleImage|Any CPU
	EndGlobalSection
	GlobalSection(ProjectConfigurationPlatforms) = postSolution
		{7BDA550D-4B22-456C-8A63-546ED501B875}.CD_ROM|Any CPU.ActiveCfg = Release|Any CPU
		{7BDA550D-4B22-456C-8A63-546ED501B875}.CD_ROM|Any CPU.Build.0 = Release|Any CPU
		{7BDA550D-4B22-456C-8A63-546ED501B875}.Debug|Any CPU.ActiveCfg = Debug|Any CPU
		{7BDA550D-4B22-456C-8A63-546ED501B875}.Debug|Any CPU.Build.0 = Debug|Any CPU
		{7BDA550D-4B22-456C-8A63-546ED501B875}.DVD-5|Any CPU.ActiveCfg = Debug|Any CPU
		{7BDA550D-4B22-456C-8A63-546ED501B875}.DVD-5|Any CPU.Build.0 = Debug|Any CPU
		{7BDA550D-4B22-456C-8A63-546ED501B875}.Release|Any CPU.ActiveCfg = Release|Any CPU
		{7BDA550D-4B22-456C-8A63-546ED501B875}.Release|Any CPU.Build.0 = Release|Any CPU
		{7BDA550D-4B22-456C-8A63-546ED501B875}.SingleImage|Any CPU.ActiveCfg = Release|Any CPU
		{7BDA550D-4B22-456C-8A63-546ED501B875}.SingleImage|Any CPU.Build.0 = Release|Any CPU
		{7D59A59B-2B58-46D4-B55A-F3C841DE0D73}.CD_ROM|Any CPU.ActiveCfg = CD_ROM
		{7D59A59B-2B58-46D4-B55A-F3C841DE0D73}.CD_ROM|Any CPU.Build.0 = CD_ROM
		{7D59A59B-2B58-46D4-B55A-F3C841DE0D73}.Debug|Any CPU.ActiveCfg = DVD-5
		{7D59A59B-2B58-46D4-B55A-F3C841DE0D73}.Debug|Any CPU.Build.0 = DVD-5
		{7D59A59B-2B58-46D4-B55A-F3C841DE0D73}.DVD-5|Any CPU.ActiveCfg = DVD-5
		{7D59A59B-2B58-46D4-B55A-F3C841DE0D73}.DVD-5|Any CPU.Build.0 = DVD-5
		{7D59A59B-2B58-46D4-B55A-F3C841DE0D73}.Release|Any CPU.ActiveCfg = SingleImage
		{7D59A59B-2B58-46D4-B55A-F3C841DE0D73}.Release|Any CPU.Build.0 = SingleImage
		{7D59A59B-2B58-46D4-B55A-F3C841DE0D73}.SingleImage|Any CPU.ActiveCfg = SingleImage
		{7D59A59B-2B58-46D4-B55A-F3C841DE0D73}.SingleImage|Any CPU.Build.0 = SingleImage
	EndGlobalSection
	GlobalSection(SolutionProperties) = preSolution
		HideSolutionNode = FALSE
	EndGlobalSection
EndGlobal
